
Microsoft Visual Studio Solution File, Format Version 12.00
# Visual Studio Version 16
VisualStudioVersion = 16.0.30011.22
MinimumVisualStudioVersion = 10.0.40219.1
Project("{FAE04EC0-301F-11D3-BF4B-00C04F79EFBC}") = "Shiplogger", "Shiplogger\Shiplogger.csproj", "{2028572E-7548-47C8-8720-2F3610E386AE}"
EndProject
Global
	GlobalSection(SolutionConfigurationPlatforms) = preSolution
		Debug|Any CPU = Debug|Any CPU
		Release|Any CPU = Release|Any CPU
	EndGlobalSection
	GlobalSection(ProjectConfigurationPlatforms) = postSolution
		{2028572E-7548-47C8-8720-2F3610E386AE}.Debug|Any CPU.ActiveCfg = Debug|Any CPU
		{2028572E-7548-47C8-8720-2F3610E386AE}.Debug|Any CPU.Build.0 = Debug|Any CPU
		{2028572E-7548-47C8-8720-2F3610E386AE}.Release|Any CPU.ActiveCfg = Release|Any CPU
		{2028572E-7548-47C8-8720-2F3610E386AE}.Release|Any CPU.Build.0 = Release|Any CPU
	EndGlobalSection
	GlobalSection(SolutionProperties) = preSolution
		HideSolutionNode = FALSE
	EndGlobalSection
	GlobalSection(ExtensibilityGlobals) = postSolution
		SolutionGuid = {90587E3B-E973-4C20-B71D-61A289DCC07F}
	EndGlobalSection
EndGlobal
